// !$*UTF8*$!
{
	archiveVersion = 1;
	classes = {
	};
	objectVersion = 46;
	objects = {

/* Begin PBXBuildFile section */
		A10F450219E92E6300F0A0B8 /* Foundation.framework in Frameworks */ = {isa = PBXBuildFile; fileRef = A10F450119E92E6300F0A0B8 /* Foundation.framework */; };
		A10F450419E92E6300F0A0B8 /* CoreGraphics.framework in Frameworks */ = {isa = PBXBuildFile; fileRef = A10F450319E92E6300F0A0B8 /* CoreGraphics.framework */; };
		A10F450619E92E6300F0A0B8 /* UIKit.framework in Frameworks */ = {isa = PBXBuildFile; fileRef = A10F450519E92E6300F0A0B8 /* UIKit.framework */; };
		A10F450C19E92E6300F0A0B8 /* InfoPlist.strings in Resources */ = {isa = PBXBuildFile; fileRef = A10F450A19E92E6300F0A0B8 /* InfoPlist.strings */; };
		A10F450E19E92E6300F0A0B8 /* main.m in Sources */ = {isa = PBXBuildFile; fileRef = A10F450D19E92E6300F0A0B8 /* main.m */; };
		A10F451219E92E6300F0A0B8 /* QBaseAppDelegate.m in Sources */ = {isa = PBXBuildFile; fileRef = A10F451119E92E6300F0A0B8 /* QBaseAppDelegate.m */; };
		A10F451419E92E6300F0A0B8 /* Images.xcassets in Resources */ = {isa = PBXBuildFile; fileRef = A10F451319E92E6300F0A0B8 /* Images.xcassets */; };
		A10F451B19E92E6300F0A0B8 /* XCTest.framework in Frameworks */ = {isa = PBXBuildFile; fileRef = A10F451A19E92E6300F0A0B8 /* XCTest.framework */; };
		A10F451C19E92E6300F0A0B8 /* Foundation.framework in Frameworks */ = {isa = PBXBuildFile; fileRef = A10F450119E92E6300F0A0B8 /* Foundation.framework */; };
		A10F451D19E92E6300F0A0B8 /* UIKit.framework in Frameworks */ = {isa = PBXBuildFile; fileRef = A10F450519E92E6300F0A0B8 /* UIKit.framework */; };
		A10F452519E92E6300F0A0B8 /* InfoPlist.strings in Resources */ = {isa = PBXBuildFile; fileRef = A10F452319E92E6300F0A0B8 /* InfoPlist.strings */; };
		A10F452719E92E6300F0A0B8 /* QBasePushTestTests.m in Sources */ = {isa = PBXBuildFile; fileRef = A10F452619E92E6300F0A0B8 /* QBasePushTestTests.m */; };
		A10F453919E92E7100F0A0B8 /* CustomPushHandle.m in Sources */ = {isa = PBXBuildFile; fileRef = A10F453219E92E7100F0A0B8 /* CustomPushHandle.m */; };
		A10F453A19E92E7100F0A0B8 /* DefaultPushHandle.m in Sources */ = {isa = PBXBuildFile; fileRef = A10F453419E92E7100F0A0B8 /* DefaultPushHandle.m */; };
		A10F453B19E92E7100F0A0B8 /* PushHandle.m in Sources */ = {isa = PBXBuildFile; fileRef = A10F453619E92E7100F0A0B8 /* PushHandle.m */; };
		A10F453C19E92E7100F0A0B8 /* QBasePush.m in Sources */ = {isa = PBXBuildFile; fileRef = A10F453819E92E7100F0A0B8 /* QBasePush.m */; };
/* End PBXBuildFile section */

/* Begin PBXContainerItemProxy section */
		A10F451E19E92E6300F0A0B8 /* PBXContainerItemProxy */ = {
			isa = PBXContainerItemProxy;
			containerPortal = A10F44F619E92E6300F0A0B8 /* Project object */;
			proxyType = 1;
			remoteGlobalIDString = A10F44FD19E92E6300F0A0B8;
			remoteInfo = QBasePushTest;
		};
/* End PBXContainerItemProxy section */

/* Begin PBXFileReference section */
		A10F44FE19E92E6300F0A0B8 /* QBasePushTest.app */ = {isa = PBXFileReference; explicitFileType = wrapper.application; includeInIndex = 0; path = QBasePushTest.app; sourceTree = BUILT_PRODUCTS_DIR; };
		A10F450119E92E6300F0A0B8 /* Foundation.framework */ = {isa = PBXFileReference; lastKnownFileType = wrapper.framework; name = Foundation.framework; path = System/Library/Frameworks/Foundation.framework; sourceTree = SDKROOT; };
		A10F450319E92E6300F0A0B8 /* CoreGraphics.framework */ = {isa = PBXFileReference; lastKnownFileType = wrapper.framework; name = CoreGraphics.framework; path = System/Library/Frameworks/CoreGraphics.framework; sourceTree = SDKROOT; };
		A10F450519E92E6300F0A0B8 /* UIKit.framework */ = {isa = PBXFileReference; lastKnownFileType = wrapper.framework; name = UIKit.framework; path = System/Library/Frameworks/UIKit.framework; sourceTree = SDKROOT; };
		A10F450919E92E6300F0A0B8 /* QBasePushTest-Info.plist */ = {isa = PBXFileReference; lastKnownFileType = text.plist.xml; path = "QBasePushTest-Info.plist"; sourceTree = "<group>"; };
		A10F450B19E92E6300F0A0B8 /* en */ = {isa = PBXFileReference; lastKnownFileType = text.plist.strings; name = en; path = en.lproj/InfoPlist.strings; sourceTree = "<group>"; };
		A10F450D19E92E6300F0A0B8 /* main.m */ = {isa = PBXFileReference; lastKnownFileType = sourcecode.c.objc; path = main.m; sourceTree = "<group>"; };
		A10F450F19E92E6300F0A0B8 /* QBasePushTest-Prefix.pch */ = {isa = PBXFileReference; lastKnownFileType = sourcecode.c.h; path = "QBasePushTest-Prefix.pch"; sourceTree = "<group>"; };
		A10F451019E92E6300F0A0B8 /* QBaseAppDelegate.h */ = {isa = PBXFileReference; lastKnownFileType = sourcecode.c.h; path = QBaseAppDelegate.h; sourceTree = "<group>"; };
		A10F451119E92E6300F0A0B8 /* QBaseAppDelegate.m */ = {isa = PBXFileReference; lastKnownFileType = sourcecode.c.objc; path = QBaseAppDelegate.m; sourceTree = "<group>"; };
		A10F451319E92E6300F0A0B8 /* Images.xcassets */ = {isa = PBXFileReference; lastKnownFileType = folder.assetcatalog; path = Images.xcassets; sourceTree = "<group>"; };
		A10F451919E92E6300F0A0B8 /* QBasePushTestTests.xctest */ = {isa = PBXFileReference; explicitFileType = wrapper.cfbundle; includeInIndex = 0; path = QBasePushTestTests.xctest; sourceTree = BUILT_PRODUCTS_DIR; };
		A10F451A19E92E6300F0A0B8 /* XCTest.framework */ = {isa = PBXFileReference; lastKnownFileType = wrapper.framework; name = XCTest.framework; path = Library/Frameworks/XCTest.framework; sourceTree = DEVELOPER_DIR; };
		A10F452219E92E6300F0A0B8 /* QBasePushTestTests-Info.plist */ = {isa = PBXFileReference; lastKnownFileType = text.plist.xml; path = "QBasePushTestTests-Info.plist"; sourceTree = "<group>"; };
		A10F452419E92E6300F0A0B8 /* en */ = {isa = PBXFileReference; lastKnownFileType = text.plist.strings; name = en; path = en.lproj/InfoPlist.strings; sourceTree = "<group>"; };
		A10F452619E92E6300F0A0B8 /* QBasePushTestTests.m */ = {isa = PBXFileReference; lastKnownFileType = sourcecode.c.objc; path = QBasePushTestTests.m; sourceTree = "<group>"; };
		A10F453119E92E7100F0A0B8 /* CustomPushHandle.h */ = {isa = PBXFileReference; fileEncoding = 4; lastKnownFileType = sourcecode.c.h; path = CustomPushHandle.h; sourceTree = "<group>"; };
		A10F453219E92E7100F0A0B8 /* CustomPushHandle.m */ = {isa = PBXFileReference; fileEncoding = 4; lastKnownFileType = sourcecode.c.objc; path = CustomPushHandle.m; sourceTree = "<group>"; };
		A10F453319E92E7100F0A0B8 /* DefaultPushHandle.h */ = {isa = PBXFileReference; fileEncoding = 4; lastKnownFileType = sourcecode.c.h; path = DefaultPushHandle.h; sourceTree = "<group>"; };
		A10F453419E92E7100F0A0B8 /* DefaultPushHandle.m */ = {isa = PBXFileReference; fileEncoding = 4; lastKnownFileType = sourcecode.c.objc; path = DefaultPushHandle.m; sourceTree = "<group>"; };
		A10F453519E92E7100F0A0B8 /* PushHandle.h */ = {isa = PBXFileReference; fileEncoding = 4; lastKnownFileType = sourcecode.c.h; path = PushHandle.h; sourceTree = "<group>"; };
		A10F453619E92E7100F0A0B8 /* PushHandle.m */ = {isa = PBXFileReference; fileEncoding = 4; lastKnownFileType = sourcecode.c.objc; path = PushHandle.m; sourceTree = "<group>"; };
		A10F453719E92E7100F0A0B8 /* QBasePush.h */ = {isa = PBXFileReference; fileEncoding = 4; lastKnownFileType = sourcecode.c.h; path = QBasePush.h; sourceTree = "<group>"; };
		A10F453819E92E7100F0A0B8 /* QBasePush.m */ = {isa = PBXFileReference; fileEncoding = 4; lastKnownFileType = sourcecode.c.objc; path = QBasePush.m; sourceTree = "<group>"; };
/* End PBXFileReference section */

/* Begin PBXFrameworksBuildPhase section */
		A10F44FB19E92E6300F0A0B8 /* Frameworks */ = {
			isa = PBXFrameworksBuildPhase;
			buildActionMask = 2147483647;
			files = (
				A10F450419E92E6300F0A0B8 /* CoreGraphics.framework in Frameworks */,
				A10F450619E92E6300F0A0B8 /* UIKit.framework in Frameworks */,
				A10F450219E92E6300F0A0B8 /* Foundation.framework in Frameworks */,
			);
			runOnlyForDeploymentPostprocessing = 0;
		};
		A10F451619E92E6300F0A0B8 /* Frameworks */ = {
			isa = PBXFrameworksBuildPhase;
			buildActionMask = 2147483647;
			files = (
				A10F451B19E92E6300F0A0B8 /* XCTest.framework in Frameworks */,
				A10F451D19E92E6300F0A0B8 /* UIKit.framework in Frameworks */,
				A10F451C19E92E6300F0A0B8 /* Foundation.framework in Frameworks */,
			);
			runOnlyForDeploymentPostprocessing = 0;
		};
/* End PBXFrameworksBuildPhase section */

/* Begin PBXGroup section */
		A10F44F519E92E6300F0A0B8 = {
			isa = PBXGroup;
			children = (
				A10F453019E92E7100F0A0B8 /* QBasePush */,
				A10F450719E92E6300F0A0B8 /* QBasePushTest */,
				A10F452019E92E6300F0A0B8 /* QBasePushTestTests */,
				A10F450019E92E6300F0A0B8 /* Frameworks */,
				A10F44FF19E92E6300F0A0B8 /* Products */,
			);
			sourceTree = "<group>";
		};
		A10F44FF19E92E6300F0A0B8 /* Products */ = {
			isa = PBXGroup;
			children = (
				A10F44FE19E92E6300F0A0B8 /* QBasePushTest.app */,
				A10F451919E92E6300F0A0B8 /* QBasePushTestTests.xctest */,
			);
			name = Products;
			sourceTree = "<group>";
		};
		A10F450019E92E6300F0A0B8 /* Frameworks */ = {
			isa = PBXGroup;
			children = (
				A10F450119E92E6300F0A0B8 /* Foundation.framework */,
				A10F450319E92E6300F0A0B8 /* CoreGraphics.framework */,
				A10F450519E92E6300F0A0B8 /* UIKit.framework */,
				A10F451A19E92E6300F0A0B8 /* XCTest.framework */,
			);
			name = Frameworks;
			sourceTree = "<group>";
		};
		A10F450719E92E6300F0A0B8 /* QBasePushTest */ = {
			isa = PBXGroup;
			children = (
				A10F451019E92E6300F0A0B8 /* QBaseAppDelegate.h */,
				A10F451119E92E6300F0A0B8 /* QBaseAppDelegate.m */,
				A10F451319E92E6300F0A0B8 /* Images.xcassets */,
				A10F450819E92E6300F0A0B8 /* Supporting Files */,
			);
			path = QBasePushTest;
			sourceTree = "<group>";
		};
		A10F450819E92E6300F0A0B8 /* Supporting Files */ = {
			isa = PBXGroup;
			children = (
				A10F450919E92E6300F0A0B8 /* QBasePushTest-Info.plist */,
				A10F450A19E92E6300F0A0B8 /* InfoPlist.strings */,
				A10F450D19E92E6300F0A0B8 /* main.m */,
				A10F450F19E92E6300F0A0B8 /* QBasePushTest-Prefix.pch */,
			);
			name = "Supporting Files";
			sourceTree = "<group>";
		};
		A10F452019E92E6300F0A0B8 /* QBasePushTestTests */ = {
			isa = PBXGroup;
			children = (
				A10F452619E92E6300F0A0B8 /* QBasePushTestTests.m */,
				A10F452119E92E6300F0A0B8 /* Supporting Files */,
			);
			path = QBasePushTestTests;
			sourceTree = "<group>";
		};
		A10F452119E92E6300F0A0B8 /* Supporting Files */ = {
			isa = PBXGroup;
			children = (
				A10F452219E92E6300F0A0B8 /* QBasePushTestTests-Info.plist */,
				A10F452319E92E6300F0A0B8 /* InfoPlist.strings */,
			);
			name = "Supporting Files";
			sourceTree = "<group>";
		};
		A10F453019E92E7100F0A0B8 /* QBasePush */ = {
			isa = PBXGroup;
			children = (
				A10F453119E92E7100F0A0B8 /* CustomPushHandle.h */,
				A10F453219E92E7100F0A0B8 /* CustomPushHandle.m */,
				A10F453319E92E7100F0A0B8 /* DefaultPushHandle.h */,
				A10F453419E92E7100F0A0B8 /* DefaultPushHandle.m */,
				A10F453519E92E7100F0A0B8 /* PushHandle.h */,
				A10F453619E92E7100F0A0B8 /* PushHandle.m */,
				A10F453719E92E7100F0A0B8 /* QBasePush.h */,
				A10F453819E92E7100F0A0B8 /* QBasePush.m */,
			);
			name = QBasePush;
			path = ../../QBasePush;
			sourceTree = "<group>";
		};
/* End PBXGroup section */

/* Begin PBXNativeTarget section */
		A10F44FD19E92E6300F0A0B8 /* QBasePushTest */ = {
			isa = PBXNativeTarget;
			buildConfigurationList = A10F452A19E92E6300F0A0B8 /* Build configuration list for PBXNativeTarget "QBasePushTest" */;
			buildPhases = (
				A10F44FA19E92E6300F0A0B8 /* Sources */,
				A10F44FB19E92E6300F0A0B8 /* Frameworks */,
				A10F44FC19E92E6300F0A0B8 /* Resources */,
			);
			buildRules = (
			);
			dependencies = (
			);
			name = QBasePushTest;
			productName = QBasePushTest;
			productReference = A10F44FE19E92E6300F0A0B8 /* QBasePushTest.app */;
			productType = "com.apple.product-type.application";
		};
		A10F451819E92E6300F0A0B8 /* QBasePushTestTests */ = {
			isa = PBXNativeTarget;
			buildConfigurationList = A10F452D19E92E6300F0A0B8 /* Build configuration list for PBXNativeTarget "QBasePushTestTests" */;
			buildPhases = (
				A10F451519E92E6300F0A0B8 /* Sources */,
				A10F451619E92E6300F0A0B8 /* Frameworks */,
				A10F451719E92E6300F0A0B8 /* Resources */,
			);
			buildRules = (
			);
			dependencies = (
				A10F451F19E92E6300F0A0B8 /* PBXTargetDependency */,
			);
			name = QBasePushTestTests;
			productName = QBasePushTestTests;
			productReference = A10F451919E92E6300F0A0B8 /* QBasePushTestTests.xctest */;
			productType = "com.apple.product-type.bundle.unit-test";
		};
/* End PBXNativeTarget section */

/* Begin PBXProject section */
		A10F44F619E92E6300F0A0B8 /* Project object */ = {
			isa = PBXProject;
			attributes = {
				CLASSPREFIX = QBase;
				LastUpgradeCheck = 0510;
				ORGANIZATIONNAME = "Andy Jin";
				TargetAttributes = {
					A10F451819E92E6300F0A0B8 = {
						TestTargetID = A10F44FD19E92E6300F0A0B8;
					};
				};
			};
			buildConfigurationList = A10F44F919E92E6300F0A0B8 /* Build configuration list for PBXProject "QBasePushTest" */;
			compatibilityVersion = "Xcode 3.2";
			developmentRegion = English;
			hasScannedForEncodings = 0;
			knownRegions = (
				en,
			);
			mainGroup = A10F44F519E92E6300F0A0B8;
			productRefGroup = A10F44FF19E92E6300F0A0B8 /* Products */;
			projectDirPath = "";
			projectRoot = "";
			targets = (
				A10F44FD19E92E6300F0A0B8 /* QBasePushTest */,
				A10F451819E92E6300F0A0B8 /* QBasePushTestTests */,
			);
		};
/* End PBXProject section */

/* Begin PBXResourcesBuildPhase section */
		A10F44FC19E92E6300F0A0B8 /* Resources */ = {
			isa = PBXResourcesBuildPhase;
			buildActionMask = 2147483647;
			files = (
				A10F450C19E92E6300F0A0B8 /* InfoPlist.strings in Resources */,
				A10F451419E92E6300F0A0B8 /* Images.xcassets in Resources */,
			);
			runOnlyForDeploymentPostprocessing = 0;
		};
		A10F451719E92E6300F0A0B8 /* Resources */ = {
			isa = PBXResourcesBuildPhase;
			buildActionMask = 2147483647;
			files = (
				A10F452519E92E6300F0A0B8 /* InfoPlist.strings in Resources */,
			);
			runOnlyForDeploymentPostprocessing = 0;
		};
/* End PBXResourcesBuildPhase section */

/* Begin PBXSourcesBuildPhase section */
		A10F44FA19E92E6300F0A0B8 /* Sources */ = {
			isa = PBXSourcesBuildPhase;
			buildActionMask = 2147483647;
			files = (
				A10F450E19E92E6300F0A0B8 /* main.m in Sources */,
				A10F451219E92E6300F0A0B8 /* QBaseAppDelegate.m in Sources */,
				A10F453B19E92E7100F0A0B8 /* PushHandle.m in Sources */,
				A10F453919E92E7100F0A0B8 /* CustomPushHandle.m in Sources */,
				A10F453C19E92E7100F0A0B8 /* QBasePush.m in Sources */,
				A10F453A19E92E7100F0A0B8 /* DefaultPushHandle.m in Sources */,
			);
			runOnlyForDeploymentPostprocessing = 0;
		};
		A10F451519E92E6300F0A0B8 /* Sources */ = {
			isa = PBXSourcesBuildPhase;
			buildActionMask = 2147483647;
			files = (
				A10F452719E92E6300F0A0B8 /* QBasePushTestTests.m in Sources */,
			);
			runOnlyForDeploymentPostprocessing = 0;
		};
/* End PBXSourcesBuildPhase section */

/* Begin PBXTargetDependency section */
		A10F451F19E92E6300F0A0B8 /* PBXTargetDependency */ = {
			isa = PBXTargetDependency;
			target = A10F44FD19E92E6300F0A0B8 /* QBasePushTest */;
			targetProxy = A10F451E19E92E6300F0A0B8 /* PBXContainerItemProxy */;
		};
/* End PBXTargetDependency section */

/* Begin PBXVariantGroup section */
		A10F450A19E92E6300F0A0B8 /* InfoPlist.strings */ = {
			isa = PBXVariantGroup;
			children = (
				A10F450B19E92E6300F0A0B8 /* en */,
			);
			name = InfoPlist.strings;
			sourceTree = "<group>";
		};
		A10F452319E92E6300F0A0B8 /* InfoPlist.strings */ = {
			isa = PBXVariantGroup;
			children = (
				A10F452419E92E6300F0A0B8 /* en */,
			);
			name = InfoPlist.strings;
			sourceTree = "<group>";
		};
/* End PBXVariantGroup section */

/* Begin XCBuildConfiguration section */
		A10F452819E92E6300F0A0B8 /* Debug */ = {
			isa = XCBuildConfiguration;
			buildSettings = {
				ALWAYS_SEARCH_USER_PATHS = NO;
				CLANG_CXX_LANGUAGE_STANDARD = "gnu++0x";
				CLANG_CXX_LIBRARY = "libc++";
				CLANG_ENABLE_MODULES = YES;
				CLANG_ENABLE_OBJC_ARC = YES;
				CLANG_WARN_BOOL_CONVERSION = YES;
				CLANG_WARN_CONSTANT_CONVERSION = YES;
				CLANG_WARN_DIRECT_OBJC_ISA_USAGE = YES_ERROR;
				CLANG_WARN_EMPTY_BODY = YES;
				CLANG_WARN_ENUM_CONVERSION = YES;
				CLANG_WARN_INT_CONVERSION = YES;
				CLANG_WARN_OBJC_ROOT_CLASS = YES_ERROR;
				CLANG_WARN__DUPLICATE_METHOD_MATCH = YES;
				"CODE_SIGN_IDENTITY[sdk=iphoneos*]" = "iPhone Developer";
				COPY_PHASE_STRIP = NO;
				GCC_C_LANGUAGE_STANDARD = gnu99;
				GCC_DYNAMIC_NO_PIC = NO;
				GCC_OPTIMIZATION_LEVEL = 0;
				GCC_PREPROCESSOR_DEFINITIONS = (
					"DEBUG=1",
					"$(inherited)",
				);
				GCC_SYMBOLS_PRIVATE_EXTERN = NO;
				GCC_WARN_64_TO_32_BIT_CONVERSION = YES;
				GCC_WARN_ABOUT_RETURN_TYPE = YES_ERROR;
				GCC_WARN_UNDECLARED_SELECTOR = YES;
				GCC_WARN_UNINITIALIZED_AUTOS = YES_AGGRESSIVE;
				GCC_WARN_UNUSED_FUNCTION = YES;
				GCC_WARN_UNUSED_VARIABLE = YES;
				IPHONEOS_DEPLOYMENT_TARGET = 7.1;
				ONLY_ACTIVE_ARCH = YES;
				SDKROOT = iphoneos;
				TARGETED_DEVICE_FAMILY = "1,2";
			};
			name = Debug;
		};
		A10F452919E92E6300F0A0B8 /* Release */ = {
			isa = XCBuildConfiguration;
			buildSettings = {
				ALWAYS_SEARCH_USER_PATHS = NO;
				CLANG_CXX_LANGUAGE_STANDARD = "gnu++0x";
				CLANG_CXX_LIBRARY = "libc++";
				CLANG_ENABLE_MODULES = YES;
				CLANG_ENABLE_OBJC_ARC = YES;
				CLANG_WARN_BOOL_CONVERSION = YES;
				CLANG_WARN_CONSTANT_CONVERSION = YES;
				CLANG_WARN_DIRECT_OBJC_ISA_USAGE = YES_ERROR;
				CLANG_WARN_EMPTY_BODY = YES;
				CLANG_WARN_ENUM_CONVERSION = YES;
				CLANG_WARN_INT_CONVERSION = YES;
				CLANG_WARN_OBJC_ROOT_CLASS = YES_ERROR;
				CLANG_WARN__DUPLICATE_METHOD_MATCH = YES;
				"CODE_SIGN_IDENTITY[sdk=iphoneos*]" = "iPhone Developer";
				COPY_PHASE_STRIP = YES;
				ENABLE_NS_ASSERTIONS = NO;
				GCC_C_LANGUAGE_STANDARD = gnu99;
				GCC_WARN_64_TO_32_BIT_CONVERSION = YES;
				GCC_WARN_ABOUT_RETURN_TYPE = YES_ERROR;
				GCC_WARN_UNDECLARED_SELECTOR = YES;
				GCC_WARN_UNINITIALIZED_AUTOS = YES_AGGRESSIVE;
				GCC_WARN_UNUSED_FUNCTION = YES;
				GCC_WARN_UNUSED_VARIABLE = YES;
				IPHONEOS_DEPLOYMENT_TARGET = 7.1;
				SDKROOT = iphoneos;
				TARGETED_DEVICE_FAMILY = "1,2";
				VALIDATE_PRODUCT = YES;
			};
			name = Release;
		};
		A10F452B19E92E6300F0A0B8 /* Debug */ = {
			isa = XCBuildConfiguration;
			buildSettings = {
				ASSETCATALOG_COMPILER_APPICON_NAME = AppIcon;
				ASSETCATALOG_COMPILER_LAUNCHIMAGE_NAME = LaunchImage;
				CODE_SIGN_IDENTITY = "iPhone Developer: shilong sang (9T3353N28G)";
				GCC_PRECOMPILE_PREFIX_HEADER = YES;
				GCC_PREFIX_HEADER = "QBasePushTest/QBasePushTest-Prefix.pch";
				INFOPLIST_FILE = "QBasePushTest/QBasePushTest-Info.plist";
				PRODUCT_NAME = "$(TARGET_NAME)";
				PROVISIONING_PROFILE = "704CE6A8-10D7-42D3-93C7-91790A0B384B";
				WRAPPER_EXTENSION = app;
			};
			name = Debug;
		};
		A10F452C19E92E6300F0A0B8 /* Release */ = {
			isa = XCBuildConfiguration;
			buildSettings = {
				ASSETCATALOG_COMPILER_APPICON_NAME = AppIcon;
				ASSETCATALOG_COMPILER_LAUNCHIMAGE_NAME = LaunchImage;
				CODE_SIGN_IDENTITY = "iPhone Developer: shilong sang (9T3353N28G)";
				GCC_PRECOMPILE_PREFIX_HEADER = YES;
				GCC_PREFIX_HEADER = "QBasePushTest/QBasePushTest-Prefix.pch";
				INFOPLIST_FILE = "QBasePushTest/QBasePushTest-Info.plist";
				PRODUCT_NAME = "$(TARGET_NAME)";
				PROVISIONING_PROFILE = "704CE6A8-10D7-42D3-93C7-91790A0B384B";
				WRAPPER_EXTENSION = app;
			};
			name = Release;
		};
		A10F452E19E92E6300F0A0B8 /* Debug */ = {
			isa = XCBuildConfiguration;
			buildSettings = {
				BUNDLE_LOADER = "$(BUILT_PRODUCTS_DIR)/QBasePushTest.app/QBasePushTest";
				FRAMEWORK_SEARCH_PATHS = (
					"$(SDKROOT)/Developer/Library/Frameworks",
					"$(inherited)",
					"$(DEVELOPER_FRAMEWORKS_DIR)",
				);
				GCC_PRECOMPILE_PREFIX_HEADER = YES;
				GCC_PREFIX_HEADER = "QBasePushTest/QBasePushTest-Prefix.pch";
				GCC_PREPROCESSOR_DEFINITIONS = (
					"DEBUG=1",
					"$(inherited)",
				);
				INFOPLIST_FILE = "QBasePushTestTests/QBasePushTestTests-Info.plist";
				PRODUCT_NAME = "$(TARGET_NAME)";
				TEST_HOST = "$(BUNDLE_LOADER)";
				WRAPPER_EXTENSION = xctest;
			};
			name = Debug;
		};
		A10F452F19E92E6300F0A0B8 /* Release */ = {
			isa = XCBuildConfiguration;
			buildSettings = {
				BUNDLE_LOADER = "$(BUILT_PRODUCTS_DIR)/QBasePushTest.app/QBasePushTest";
				FRAMEWORK_SEARCH_PATHS = (
					"$(SDKROOT)/Developer/Library/Frameworks",
					"$(inherited)",
					"$(DEVELOPER_FRAMEWORKS_DIR)",
				);
				GCC_PRECOMPILE_PREFIX_HEADER = YES;
				GCC_PREFIX_HEADER = "QBasePushTest/QBasePushTest-Prefix.pch";
				INFOPLIST_FILE = "QBasePushTestTests/QBasePushTestTests-Info.plist";
				PRODUCT_NAME = "$(TARGET_NAME)";
				TEST_HOST = "$(BUNDLE_LOADER)";
				WRAPPER_EXTENSION = xctest;
			};
			name = Release;
		};
/* End XCBuildConfiguration section */

/* Begin XCConfigurationList section */
		A10F44F919E92E6300F0A0B8 /* Build configuration list for PBXProject "QBasePushTest" */ = {
			isa = XCConfigurationList;
			buildConfigurations = (
				A10F452819E92E6300F0A0B8 /* Debug */,
				A10F452919E92E6300F0A0B8 /* Release */,
			);
			defaultConfigurationIsVisible = 0;
			defaultConfigurationName = Release;
		};
		A10F452A19E92E6300F0A0B8 /* Build configuration list for PBXNativeTarget "QBasePushTest" */ = {
			isa = XCConfigurationList;
			buildConfigurations = (
				A10F452B19E92E6300F0A0B8 /* Debug */,
				A10F452C19E92E6300F0A0B8 /* Release */,
			);
			defaultConfigurationIsVisible = 0;
		};
		A10F452D19E92E6300F0A0B8 /* Build configuration list for PBXNativeTarget "QBasePushTestTests" */ = {
			isa = XCConfigurationList;
			buildConfigurations = (
				A10F452E19E92E6300F0A0B8 /* Debug */,
				A10F452F19E92E6300F0A0B8 /* Release */,
			);
			defaultConfigurationIsVisible = 0;
		};
/* End XCConfigurationList section */
	};
	rootObject = A10F44F619E92E6300F0A0B8 /* Project object */;
}
